
Microsoft Visual Studio Solution File, Format Version 12.00
# Visual Studio Version 17
VisualStudioVersion = 17.11.35222.181
MinimumVisualStudioVersion = 10.0.40219.1
Project("{FAE04EC0-301F-11D3-BF4B-00C04F79EFBC}") = "3", "3\3.csproj", "{372A31F6-AD33-4BA2-A168-D49A58A99D55}"
EndProject
Global
	GlobalSection(SolutionConfigurationPlatforms) = preSolution
		Debug|Any CPU = Debug|Any CPU
		Release|Any CPU = Release|Any CPU
	EndGlobalSection
	GlobalSection(ProjectConfigurationPlatforms) = postSolution
		{372A31F6-AD33-4BA2-A168-D49A58A99D55}.Debug|Any CPU.ActiveCfg = Debug|Any CPU
		{372A31F6-AD33-4BA2-A168-D49A58A99D55}.Debug|Any CPU.Build.0 = Debug|Any CPU
		{372A31F6-AD33-4BA2-A168-D49A58A99D55}.Release|Any CPU.ActiveCfg = Release|Any CPU
		{372A31F6-AD33-4BA2-A168-D49A58A99D55}.Release|Any CPU.Build.0 = Release|Any CPU
	EndGlobalSection
	GlobalSection(SolutionProperties) = preSolution
		HideSolutionNode = FALSE
	EndGlobalSection
	GlobalSection(ExtensibilityGlobals) = postSolution
		SolutionGuid = {45157405-DF86-4C1B-9AC9-AD9AF3ADFFC0}
	EndGlobalSection
EndGlobal
